<?xml version="1.0" encoding="utf-8"?>
<Project ToolsVersion="4.0" xmlns="http://schemas.microsoft.com/developer/msbuild/2003">
  <ItemGroup>
    <Filter Include="Source Files">
      <UniqueIdentifier>{4FC737F1-C7A5-4376-A066-2A32D752A2FF}</UniqueIdentifier>
      <Extensions>cpp;c;cc;cxx;def;odl;idl;hpj;bat;asm;asmx</Extensions>
    </Filter>
    <Filter Include="Header Files">
      <UniqueIdentifier>{93995380-89BD-4b04-88EB-625FBE52EBFB}</UniqueIdentifier>
      <Extensions>h;hh;hpp;hxx;hm;inl;inc;xsd</Extensions>
    </Filter>
    <Filter Include="Resource Files">
      <UniqueIdentifier>{67DA6AB6-F800-4c08-8B7A-83BB121AAD01}</UniqueIdentifier>
      <Extensions>qrc;rc;ico;cur;bmp;dlg;rc2;rct;bin;rgs;gif;jpg;jpeg;jpe;resx;tiff;tif;png;wav;mfcribbon-ms</Extensions>
    </Filter>
    <Filter Include="Form Files">
      <UniqueIdentifier>{99349809-55BA-4b9d-BF79-8FDBB0286EB3}</UniqueIdentifier>
      <Extensions>ui</Extensions>
    </Filter>
    <Filter Include="Translation Files">
      <UniqueIdentifier>{639EADAA-A684-42e4-A9AD-28FC9BCB8F7C}</UniqueIdentifier>
      <Extensions>ts</Extensions>
    </Filter>
  </ItemGroup>
  <ItemGroup>
    <QtRcc Include="myPVZ.qrc">
      <Filter>Resource Files</Filter>
    </QtRcc>
    <QtUic Include="beginWindow.ui">
      <Filter>Form Files</Filter>
    </QtUic>
    <QtMoc Include="beginWindow.h">
      <Filter>Header Files</Filter>
    </QtMoc>
    <ClCompile Include="beginWindow.cpp">
      <Filter>Source Files</Filter>
    </ClCompile>
  </ItemGroup>
  <ItemGroup>
    <ClCompile Include="main.cpp">
      <Filter>Source Files</Filter>
    </ClCompile>
    <ClCompile Include="myPushButton.cpp">
      <Filter>Source Files</Filter>
    </ClCompile>
    <ClCompile Include="Map.cpp">
      <Filter>Source Files</Filter>
    </ClCompile>
    <ClCompile Include="MainGame.cpp">
      <Filter>Source Files</Filter>
    </ClCompile>
    <ClCompile Include="Plants.cpp">
      <Filter>Source Files</Filter>
    </ClCompile>
    <ClCompile Include="Cards.cpp">
      <Filter>Source Files</Filter>
    </ClCompile>
    <ClCompile Include="Wallnut.cpp">
      <Filter>Source Files</Filter>
    </ClCompile>
    <ClCompile Include="Zombies.cpp">
      <Filter>Source Files</Filter>
    </ClCompile>
    <ClCompile Include="normalZombie.cpp">
      <Filter>Source Files</Filter>
    </ClCompile>
    <ClCompile Include="mapBlock.cpp">
      <Filter>Source Files</Filter>
    </ClCompile>
    <ClCompile Include="peaShooter.cpp">
      <Filter>Source Files</Filter>
    </ClCompile>
    <ClCompile Include="Pea.cpp">
      <Filter>Source Files</Filter>
    </ClCompile>
    <ClCompile Include="balloonZombie.cpp">
      <Filter>Source Files</Filter>
    </ClCompile>
    <ClCompile Include="Cactus.cpp">
      <Filter>Source Files</Filter>
    </ClCompile>
    <ClCompile Include="flagZombie.cpp">
      <Filter>Source Files</Filter>
    </ClCompile>
    <ClCompile Include="spikeweed.cpp">
      <Filter>Source Files</Filter>
    </ClCompile>
    <ClCompile Include="sunFlower.cpp">
      <Filter>Source Files</Filter>
    </ClCompile>
    <ClCompile Include="Shovel.cpp">
      <Filter>Source Files</Filter>
    </ClCompile>
    <ClCompile Include="flyingZombie.cpp">
      <Filter>Source Files</Filter>
    </ClCompile>
  </ItemGroup>
  <ItemGroup>
    <QtMoc Include="myPushButton.h">
      <Filter>Header Files</Filter>
    </QtMoc>
    <QtMoc Include="MainGame.h">
      <Filter>Header Files</Filter>
    </QtMoc>
    <QtMoc Include="Cards.h">
      <Filter>Header Files</Filter>
    </QtMoc>
    <QtMoc Include="Zombies.h">
      <Filter>Header Files</Filter>
    </QtMoc>
    <QtMoc Include="Shovel.h">
      <Filter>Header Files</Filter>
    </QtMoc>
  </ItemGroup>
  <ItemGroup>
    <QtUic Include="MainGame.ui">
      <Filter>Form Files</Filter>
    </QtUic>
  </ItemGroup>
  <ItemGroup>
    <ClInclude Include="Plants.h">
      <Filter>Header Files</Filter>
    </ClInclude>
    <ClInclude Include="Map.h">
      <Filter>Header Files</Filter>
    </ClInclude>
    <ClInclude Include="Wallnut.h">
      <Filter>Header Files</Filter>
    </ClInclude>
    <ClInclude Include="helper.h">
      <Filter>Header Files</Filter>
    </ClInclude>
    <ClInclude Include="normalZombie.h">
      <Filter>Header Files</Filter>
    </ClInclude>
    <ClInclude Include="mapBlock.h">
      <Filter>Header Files</Filter>
    </ClInclude>
    <ClInclude Include="resource.h">
      <Filter>Header Files</Filter>
    </ClInclude>
    <ClInclude Include="peaShooter.h">
      <Filter>Header Files</Filter>
    </ClInclude>
    <ClInclude Include="Pea.h">
      <Filter>Header Files</Filter>
    </ClInclude>
    <ClInclude Include="balloonZombie.h">
      <Filter>Header Files</Filter>
    </ClInclude>
    <ClInclude Include="Cactus.h">
      <Filter>Header Files</Filter>
    </ClInclude>
    <ClInclude Include="flagZombie.h">
      <Filter>Header Files</Filter>
    </ClInclude>
    <ClInclude Include="spikeweed.h">
      <Filter>Header Files</Filter>
    </ClInclude>
    <ClInclude Include="sunFlower.h">
      <Filter>Header Files</Filter>
    </ClInclude>
    <ClInclude Include="flyingZombie.h">
      <Filter>Header Files</Filter>
    </ClInclude>
  </ItemGroup>
</Project>